// !$*UTF8*$!
{
	archiveVersion = 1;
	classes = {
	};
	objectVersion = 55;
	objects = {

/* Begin PBXBuildFile section */
		218E787F27B1DFEC00A1C73F /* H4CK0R_News_SwiftUIApp.swift in Sources */ = {isa = PBXBuildFile; fileRef = 218E787E27B1DFEC00A1C73F /* H4CK0R_News_SwiftUIApp.swift */; };
		218E788127B1DFEC00A1C73F /* ContentView.swift in Sources */ = {isa = PBXBuildFile; fileRef = 218E788027B1DFEC00A1C73F /* ContentView.swift */; };
		218E788327B1DFF600A1C73F /* Assets.xcassets in Resources */ = {isa = PBXBuildFile; fileRef = 218E788227B1DFF600A1C73F /* Assets.xcassets */; };
		218E788627B1DFF600A1C73F /* Preview Assets.xcassets in Resources */ = {isa = PBXBuildFile; fileRef = 218E788527B1DFF600A1C73F /* Preview Assets.xcassets */; };
		218E788E27B1E2DC00A1C73F /* NetworkManager.swift in Sources */ = {isa = PBXBuildFile; fileRef = 218E788D27B1E2DC00A1C73F /* NetworkManager.swift */; };
		218E789027B1E3EF00A1C73F /* PostData.swift in Sources */ = {isa = PBXBuildFile; fileRef = 218E788F27B1E3EF00A1C73F /* PostData.swift */; };
		21F3A91D27B2B65F00436369 /* DetailView.swift in Sources */ = {isa = PBXBuildFile; fileRef = 21F3A91C27B2B65F00436369 /* DetailView.swift */; };
		21F3A91F27B2BD9700436369 /* WebView.swift in Sources */ = {isa = PBXBuildFile; fileRef = 21F3A91E27B2BD9700436369 /* WebView.swift */; };
/* End PBXBuildFile section */

/* Begin PBXFileReference section */
		218E787B27B1DFEC00A1C73F /* H4CK0R News SwiftUI.app */ = {isa = PBXFileReference; explicitFileType = wrapper.application; includeInIndex = 0; path = "H4CK0R News SwiftUI.app"; sourceTree = BUILT_PRODUCTS_DIR; };
		218E787E27B1DFEC00A1C73F /* H4CK0R_News_SwiftUIApp.swift */ = {isa = PBXFileReference; lastKnownFileType = sourcecode.swift; path = H4CK0R_News_SwiftUIApp.swift; sourceTree = "<group>"; };
		218E788027B1DFEC00A1C73F /* ContentView.swift */ = {isa = PBXFileReference; lastKnownFileType = sourcecode.swift; path = ContentView.swift; sourceTree = "<group>"; };
		218E788227B1DFF600A1C73F /* Assets.xcassets */ = {isa = PBXFileReference; lastKnownFileType = folder.assetcatalog; path = Assets.xcassets; sourceTree = "<group>"; };
		218E788527B1DFF600A1C73F /* Preview Assets.xcassets */ = {isa = PBXFileReference; lastKnownFileType = folder.assetcatalog; path = "Preview Assets.xcassets"; sourceTree = "<group>"; };
		218E788D27B1E2DC00A1C73F /* NetworkManager.swift */ = {isa = PBXFileReference; lastKnownFileType = sourcecode.swift; path = NetworkManager.swift; sourceTree = "<group>"; };
		218E788F27B1E3EF00A1C73F /* PostData.swift */ = {isa = PBXFileReference; lastKnownFileType = sourcecode.swift; path = PostData.swift; sourceTree = "<group>"; };
		21F3A91C27B2B65F00436369 /* DetailView.swift */ = {isa = PBXFileReference; lastKnownFileType = sourcecode.swift; path = DetailView.swift; sourceTree = "<group>"; };
		21F3A91E27B2BD9700436369 /* WebView.swift */ = {isa = PBXFileReference; lastKnownFileType = sourcecode.swift; path = WebView.swift; sourceTree = "<group>"; };
/* End PBXFileReference section */

/* Begin PBXFrameworksBuildPhase section */
		218E787827B1DFEC00A1C73F /* Frameworks */ = {
			isa = PBXFrameworksBuildPhase;
			buildActionMask = 2147483647;
			files = (
			);
			runOnlyForDeploymentPostprocessing = 0;
		};
/* End PBXFrameworksBuildPhase section */

/* Begin PBXGroup section */
		218E787227B1DFEB00A1C73F = {
			isa = PBXGroup;
			children = (
				218E787D27B1DFEC00A1C73F /* H4CK0R News SwiftUI */,
				218E787C27B1DFEC00A1C73F /* Products */,
			);
			sourceTree = "<group>";
		};
		218E787C27B1DFEC00A1C73F /* Products */ = {
			isa = PBXGroup;
			children = (
				218E787B27B1DFEC00A1C73F /* H4CK0R News SwiftUI.app */,
			);
			name = Products;
			sourceTree = "<group>";
		};
		218E787D27B1DFEC00A1C73F /* H4CK0R News SwiftUI */ = {
			isa = PBXGroup;
			children = (
				218E788C27B1E28B00A1C73F /* Models */,
				218E787E27B1DFEC00A1C73F /* H4CK0R_News_SwiftUIApp.swift */,
				21F3A91B27B2B64700436369 /* Views */,
				218E788227B1DFF600A1C73F /* Assets.xcassets */,
				218E788427B1DFF600A1C73F /* Preview Content */,
			);
			path = "H4CK0R News SwiftUI";
			sourceTree = "<group>";
		};
		218E788427B1DFF600A1C73F /* Preview Content */ = {
			isa = PBXGroup;
			children = (
				218E788527B1DFF600A1C73F /* Preview Assets.xcassets */,
			);
			path = "Preview Content";
			sourceTree = "<group>";
		};
		218E788C27B1E28B00A1C73F /* Models */ = {
			isa = PBXGroup;
			children = (
				218E788D27B1E2DC00A1C73F /* NetworkManager.swift */,
				218E788F27B1E3EF00A1C73F /* PostData.swift */,
			);
			path = Models;
			sourceTree = "<group>";
		};
		21F3A91B27B2B64700436369 /* Views */ = {
			isa = PBXGroup;
			children = (
				218E788027B1DFEC00A1C73F /* ContentView.swift */,
				21F3A91C27B2B65F00436369 /* DetailView.swift */,
				21F3A91E27B2BD9700436369 /* WebView.swift */,
			);
			path = Views;
			sourceTree = "<group>";
		};
/* End PBXGroup section */

/* Begin PBXNativeTarget section */
		218E787A27B1DFEC00A1C73F /* H4CK0R News SwiftUI */ = {
			isa = PBXNativeTarget;
			buildConfigurationList = 218E788927B1DFF600A1C73F /* Build configuration list for PBXNativeTarget "H4CK0R News SwiftUI" */;
			buildPhases = (
				218E787727B1DFEC00A1C73F /* Sources */,
				218E787827B1DFEC00A1C73F /* Frameworks */,
				218E787927B1DFEC00A1C73F /* Resources */,
			);
			buildRules = (
			);
			dependencies = (
			);
			name = "H4CK0R News SwiftUI";
			productName = "H4CK0R News SwiftUI";
			productReference = 218E787B27B1DFEC00A1C73F /* H4CK0R News SwiftUI.app */;
			productType = "com.apple.product-type.application";
		};
/* End PBXNativeTarget section */

/* Begin PBXProject section */
		218E787327B1DFEB00A1C73F /* Project object */ = {
			isa = PBXProject;
			attributes = {
				BuildIndependentTargetsInParallel = 1;
				LastSwiftUpdateCheck = 1320;
				LastUpgradeCheck = 1320;
				TargetAttributes = {
					218E787A27B1DFEC00A1C73F = {
						CreatedOnToolsVersion = 13.2.1;
					};
				};
			};
			buildConfigurationList = 218E787627B1DFEB00A1C73F /* Build configuration list for PBXProject "H4CK0R News SwiftUI" */;
			compatibilityVersion = "Xcode 13.0";
			developmentRegion = en;
			hasScannedForEncodings = 0;
			knownRegions = (
				en,
				Base,
			);
			mainGroup = 218E787227B1DFEB00A1C73F;
			productRefGroup = 218E787C27B1DFEC00A1C73F /* Products */;
			projectDirPath = "";
			projectRoot = "";
			targets = (
				218E787A27B1DFEC00A1C73F /* H4CK0R News SwiftUI */,
			);
		};
/* End PBXProject section */

/* Begin PBXResourcesBuildPhase section */
		218E787927B1DFEC00A1C73F /* Resources */ = {
			isa = PBXResourcesBuildPhase;
			buildActionMask = 2147483647;
			files = (
				218E788627B1DFF600A1C73F /* Preview Assets.xcassets in Resources */,
				218E788327B1DFF600A1C73F /* Assets.xcassets in Resources */,
			);
			runOnlyForDeploymentPostprocessing = 0;
		};
/* End PBXResourcesBuildPhase section */

/* Begin PBXSourcesBuildPhase section */
		218E787727B1DFEC00A1C73F /* Sources */ = {
			isa = PBXSourcesBuildPhase;
			buildActionMask = 2147483647;
			files = (
				218E788E27B1E2DC00A1C73F /* NetworkManager.swift in Sources */,
				218E789027B1E3EF00A1C73F /* PostData.swift in Sources */,
				218E788127B1DFEC00A1C73F /* ContentView.swift in Sources */,
				21F3A91F27B2BD9700436369 /* WebView.swift in Sources */,
				21F3A91D27B2B65F00436369 /* DetailView.swift in Sources */,
				218E787F27B1DFEC00A1C73F /* H4CK0R_News_SwiftUIApp.swift in Sources */,
			);
			runOnlyForDeploymentPostprocessing = 0;
		};
/* End PBXSourcesBuildPhase section */

/* Begin XCBuildConfiguration section */
		218E788727B1DFF600A1C73F /* Debug */ = {
			isa = XCBuildConfiguration;
			buildSettings = {
				ALWAYS_SEARCH_USER_PATHS = NO;
				CLANG_ANALYZER_NONNULL = YES;
				CLANG_ANALYZER_NUMBER_OBJECT_CONVERSION = YES_AGGRESSIVE;
				CLANG_CXX_LANGUAGE_STANDARD = "gnu++17";
				CLANG_CXX_LIBRARY = "libc++";
				CLANG_ENABLE_MODULES = YES;
				CLANG_ENABLE_OBJC_ARC = YES;
				CLANG_ENABLE_OBJC_WEAK = YES;
				CLANG_WARN_BLOCK_CAPTURE_AUTORELEASING = YES;
				CLANG_WARN_BOOL_CONVERSION = YES;
				CLANG_WARN_COMMA = YES;
				CLANG_WARN_CONSTANT_CONVERSION = YES;
				CLANG_WARN_DEPRECATED_OBJC_IMPLEMENTATIONS = YES;
				CLANG_WARN_DIRECT_OBJC_ISA_USAGE = YES_ERROR;
				CLANG_WARN_DOCUMENTATION_COMMENTS = YES;
				CLANG_WARN_EMPTY_BODY = YES;
				CLANG_WARN_ENUM_CONVERSION = YES;
				CLANG_WARN_INFINITE_RECURSION = YES;
				CLANG_WARN_INT_CONVERSION = YES;
				CLANG_WARN_NON_LITERAL_NULL_CONVERSION = YES;
				CLANG_WARN_OBJC_IMPLICIT_RETAIN_SELF = YES;
				CLANG_WARN_OBJC_LITERAL_CONVERSION = YES;
				CLANG_WARN_OBJC_ROOT_CLASS = YES_ERROR;
				CLANG_WARN_QUOTED_INCLUDE_IN_FRAMEWORK_HEADER = YES;
				CLANG_WARN_RANGE_LOOP_ANALYSIS = YES;
				CLANG_WARN_STRICT_PROTOTYPES = YES;
				CLANG_WARN_SUSPICIOUS_MOVE = YES;
				CLANG_WARN_UNGUARDED_AVAILABILITY = YES_AGGRESSIVE;
				CLANG_WARN_UNREACHABLE_CODE = YES;
				CLANG_WARN__DUPLICATE_METHOD_MATCH = YES;
				COPY_PHASE_STRIP = NO;
				DEBUG_INFORMATION_FORMAT = dwarf;
				ENABLE_STRICT_OBJC_MSGSEND = YES;
				ENABLE_TESTABILITY = YES;
				GCC_C_LANGUAGE_STANDARD = gnu11;
				GCC_DYNAMIC_NO_PIC = NO;
				GCC_NO_COMMON_BLOCKS = YES;
				GCC_OPTIMIZATION_LEVEL = 0;
				GCC_PREPROCESSOR_DEFINITIONS = (
					"DEBUG=1",
					"$(inherited)",
				);
				GCC_WARN_64_TO_32_BIT_CONVERSION = YES;
				GCC_WARN_ABOUT_RETURN_TYPE = YES_ERROR;
				GCC_WARN_UNDECLARED_SELECTOR = YES;
				GCC_WARN_UNINITIALIZED_AUTOS = YES_AGGRESSIVE;
				GCC_WARN_UNUSED_FUNCTION = YES;
				GCC_WARN_UNUSED_VARIABLE = YES;
				IPHONEOS_DEPLOYMENT_TARGET = 15.2;
				MTL_ENABLE_DEBUG_INFO = INCLUDE_SOURCE;
				MTL_FAST_MATH = YES;
				ONLY_ACTIVE_ARCH = YES;
				SDKROOT = iphoneos;
				SWIFT_ACTIVE_COMPILATION_CONDITIONS = DEBUG;
				SWIFT_OPTIMIZATION_LEVEL = "-Onone";
			};
			name = Debug;
		};
		218E788827B1DFF600A1C73F /* Release */ = {
			isa = XCBuildConfiguration;
			buildSettings = {
				ALWAYS_SEARCH_USER_PATHS = NO;
				CLANG_ANALYZER_NONNULL = YES;
				CLANG_ANALYZER_NUMBER_OBJECT_CONVERSION = YES_AGGRESSIVE;
				CLANG_CXX_LANGUAGE_STANDARD = "gnu++17";
				CLANG_CXX_LIBRARY = "libc++";
				CLANG_ENABLE_MODULES = YES;
				CLANG_ENABLE_OBJC_ARC = YES;
				CLANG_ENABLE_OBJC_WEAK = YES;
				CLANG_WARN_BLOCK_CAPTURE_AUTORELEASING = YES;
				CLANG_WARN_BOOL_CONVERSION = YES;
				CLANG_WARN_COMMA = YES;
				CLANG_WARN_CONSTANT_CONVERSION = YES;
				CLANG_WARN_DEPRECATED_OBJC_IMPLEMENTATIONS = YES;
				CLANG_WARN_DIRECT_OBJC_ISA_USAGE = YES_ERROR;
				CLANG_WARN_DOCUMENTATION_COMMENTS = YES;
				CLANG_WARN_EMPTY_BODY = YES;
				CLANG_WARN_ENUM_CONVERSION = YES;
				CLANG_WARN_INFINITE_RECURSION = YES;
				CLANG_WARN_INT_CONVERSION = YES;
				CLANG_WARN_NON_LITERAL_NULL_CONVERSION = YES;
				CLANG_WARN_OBJC_IMPLICIT_RETAIN_SELF = YES;
				CLANG_WARN_OBJC_LITERAL_CONVERSION = YES;
				CLANG_WARN_OBJC_ROOT_CLASS = YES_ERROR;
				CLANG_WARN_QUOTED_INCLUDE_IN_FRAMEWORK_HEADER = YES;
				CLANG_WARN_RANGE_LOOP_ANALYSIS = YES;
				CLANG_WARN_STRICT_PROTOTYPES = YES;
				CLANG_WARN_SUSPICIOUS_MOVE = YES;
				CLANG_WARN_UNGUARDED_AVAILABILITY = YES_AGGRESSIVE;
				CLANG_WARN_UNREACHABLE_CODE = YES;
				CLANG_WARN__DUPLICATE_METHOD_MATCH = YES;
				COPY_PHASE_STRIP = NO;
				DEBUG_INFORMATION_FORMAT = "dwarf-with-dsym";
				ENABLE_NS_ASSERTIONS = NO;
				ENABLE_STRICT_OBJC_MSGSEND = YES;
				GCC_C_LANGUAGE_STANDARD = gnu11;
				GCC_NO_COMMON_BLOCKS = YES;
				GCC_WARN_64_TO_32_BIT_CONVERSION = YES;
				GCC_WARN_ABOUT_RETURN_TYPE = YES_ERROR;
				GCC_WARN_UNDECLARED_SELECTOR = YES;
				GCC_WARN_UNINITIALIZED_AUTOS = YES_AGGRESSIVE;
				GCC_WARN_UNUSED_FUNCTION = YES;
				GCC_WARN_UNUSED_VARIABLE = YES;
				IPHONEOS_DEPLOYMENT_TARGET = 15.2;
				MTL_ENABLE_DEBUG_INFO = NO;
				MTL_FAST_MATH = YES;
				SDKROOT = iphoneos;
				SWIFT_COMPILATION_MODE = wholemodule;
				SWIFT_OPTIMIZATION_LEVEL = "-O";
				VALIDATE_PRODUCT = YES;
			};
			name = Release;
		};
		218E788A27B1DFF600A1C73F /* Debug */ = {
			isa = XCBuildConfiguration;
			buildSettings = {
				ASSETCATALOG_COMPILER_APPICON_NAME = AppIcon;
				ASSETCATALOG_COMPILER_GLOBAL_ACCENT_COLOR_NAME = AccentColor;
				CODE_SIGN_STYLE = Automatic;
				CURRENT_PROJECT_VERSION = 1;
				DEVELOPMENT_ASSET_PATHS = "\"H4CK0R News SwiftUI/Preview Content\"";
				DEVELOPMENT_TEAM = 4ZNKRJKS8F;
				ENABLE_PREVIEWS = YES;
				GENERATE_INFOPLIST_FILE = YES;
				INFOPLIST_KEY_UIApplicationSceneManifest_Generation = YES;
				INFOPLIST_KEY_UIApplicationSupportsIndirectInputEvents = YES;
				INFOPLIST_KEY_UILaunchScreen_Generation = YES;
				INFOPLIST_KEY_UISupportedInterfaceOrientations_iPad = "UIInterfaceOrientationPortrait UIInterfaceOrientationPortraitUpsideDown UIInterfaceOrientationLandscapeLeft UIInterfaceOrientationLandscapeRight";
				INFOPLIST_KEY_UISupportedInterfaceOrientations_iPhone = "UIInterfaceOrientationPortrait UIInterfaceOrientationLandscapeLeft UIInterfaceOrientationLandscapeRight";
				LD_RUNPATH_SEARCH_PATHS = (
					"$(inherited)",
					"@executable_path/Frameworks",
				);
				MARKETING_VERSION = 1.0;
				PRODUCT_BUNDLE_IDENTIFIER = "com.globant.H4CK0R-News-SwiftUI";
				PRODUCT_NAME = "$(TARGET_NAME)";
				SWIFT_EMIT_LOC_STRINGS = YES;
				SWIFT_VERSION = 5.0;
				TARGETED_DEVICE_FAMILY = "1,2";
			};
			name = Debug;
		};
		218E788B27B1DFF600A1C73F /* Release */ = {
			isa = XCBuildConfiguration;
			buildSettings = {
				ASSETCATALOG_COMPILER_APPICON_NAME = AppIcon;
				ASSETCATALOG_COMPILER_GLOBAL_ACCENT_COLOR_NAME = AccentColor;
				CODE_SIGN_STYLE = Automatic;
				CURRENT_PROJECT_VERSION = 1;
				DEVELOPMENT_ASSET_PATHS = "\"H4CK0R News SwiftUI/Preview Content\"";
				DEVELOPMENT_TEAM = 4ZNKRJKS8F;
				ENABLE_PREVIEWS = YES;
				GENERATE_INFOPLIST_FILE = YES;
				INFOPLIST_KEY_UIApplicationSceneManifest_Generation = YES;
				INFOPLIST_KEY_UIApplicationSupportsIndirectInputEvents = YES;
				INFOPLIST_KEY_UILaunchScreen_Generation = YES;
				INFOPLIST_KEY_UISupportedInterfaceOrientations_iPad = "UIInterfaceOrientationPortrait UIInterfaceOrientationPortraitUpsideDown UIInterfaceOrientationLandscapeLeft UIInterfaceOrientationLandscapeRight";
				INFOPLIST_KEY_UISupportedInterfaceOrientations_iPhone = "UIInterfaceOrientationPortrait UIInterfaceOrientationLandscapeLeft UIInterfaceOrientationLandscapeRight";
				LD_RUNPATH_SEARCH_PATHS = (
					"$(inherited)",
					"@executable_path/Frameworks",
				);
				MARKETING_VERSION = 1.0;
				PRODUCT_BUNDLE_IDENTIFIER = "com.globant.H4CK0R-News-SwiftUI";
				PRODUCT_NAME = "$(TARGET_NAME)";
				SWIFT_EMIT_LOC_STRINGS = YES;
				SWIFT_VERSION = 5.0;
				TARGETED_DEVICE_FAMILY = "1,2";
			};
			name = Release;
		};
/* End XCBuildConfiguration section */

/* Begin XCConfigurationList section */
		218E787627B1DFEB00A1C73F /* Build configuration list for PBXProject "H4CK0R News SwiftUI" */ = {
			isa = XCConfigurationList;
			buildConfigurations = (
				218E788727B1DFF600A1C73F /* Debug */,
				218E788827B1DFF600A1C73F /* Release */,
			);
			defaultConfigurationIsVisible = 0;
			defaultConfigurationName = Release;
		};
		218E788927B1DFF600A1C73F /* Build configuration list for PBXNativeTarget "H4CK0R News SwiftUI" */ = {
			isa = XCConfigurationList;
			buildConfigurations = (
				218E788A27B1DFF600A1C73F /* Debug */,
				218E788B27B1DFF600A1C73F /* Release */,
			);
			defaultConfigurationIsVisible = 0;
			defaultConfigurationName = Release;
		};
/* End XCConfigurationList section */
	};
	rootObject = 218E787327B1DFEB00A1C73F /* Project object */;
}
